
Microsoft Visual Studio Solution File, Format Version 12.00
# Visual Studio Version 17
VisualStudioVersion = 17.3.32825.248
MinimumVisualStudioVersion = 10.0.40219.1
Project("{FAE04EC0-301F-11D3-BF4B-00C04F79EFBC}") = "GMF", "GMF\GMF.csproj", "{929F6E7F-F5E5-4458-9DC6-D529F1CC020C}"
EndProject
Global
	GlobalSection(SolutionConfigurationPlatforms) = preSolution
		Debug|Any CPU = Debug|Any CPU
		Release|Any CPU = Release|Any CPU
	EndGlobalSection
	GlobalSection(ProjectConfigurationPlatforms) = postSolution
		{929F6E7F-F5E5-4458-9DC6-D529F1CC020C}.Debug|Any CPU.ActiveCfg = Debug|Any CPU
		{929F6E7F-F5E5-4458-9DC6-D529F1CC020C}.Debug|Any CPU.Build.0 = Debug|Any CPU
		{929F6E7F-F5E5-4458-9DC6-D529F1CC020C}.Release|Any CPU.ActiveCfg = Release|Any CPU
		{929F6E7F-F5E5-4458-9DC6-D529F1CC020C}.Release|Any CPU.Build.0 = Release|Any CPU
	EndGlobalSection
	GlobalSection(SolutionProperties) = preSolution
		HideSolutionNode = FALSE
	EndGlobalSection
	GlobalSection(ExtensibilityGlobals) = postSolution
		SolutionGuid = {F2013E6F-662D-419F-BFFD-77ABCE237CBB}
	EndGlobalSection
EndGlobal
